
Microsoft Visual Studio Solution File, Format Version 12.00
# Visual Studio 14
VisualStudioVersion = 14.0.23107.0
MinimumVisualStudioVersion = 10.0.40219.1
Project("{FAE04EC0-301F-11D3-BF4B-00C04F79EFBC}") = "PlayingCards", "PlayingCards\PlayingCards.csproj", "{6ABA59FD-FB3A-4C32-87EB-61B1AE15414E}"
EndProject
Project("{FAE04EC0-301F-11D3-BF4B-00C04F79EFBC}") = "PlayingCards-Test", "PlayingCards-Test\PlayingCards-Test.csproj", "{8568FF34-3B3A-4A4E-A517-66FC0460DEEE}"
EndProject
Global
	GlobalSection(SolutionConfigurationPlatforms) = preSolution
		Debug|Any CPU = Debug|Any CPU
		Release|Any CPU = Release|Any CPU
	EndGlobalSection
	GlobalSection(ProjectConfigurationPlatforms) = postSolution
		{6ABA59FD-FB3A-4C32-87EB-61B1AE15414E}.Debug|Any CPU.ActiveCfg = Debug|Any CPU
		{6ABA59FD-FB3A-4C32-87EB-61B1AE15414E}.Debug|Any CPU.Build.0 = Debug|Any CPU
		{6ABA59FD-FB3A-4C32-87EB-61B1AE15414E}.Release|Any CPU.ActiveCfg = Release|Any CPU
		{6ABA59FD-FB3A-4C32-87EB-61B1AE15414E}.Release|Any CPU.Build.0 = Release|Any CPU
		{8568FF34-3B3A-4A4E-A517-66FC0460DEEE}.Debug|Any CPU.ActiveCfg = Debug|Any CPU
		{8568FF34-3B3A-4A4E-A517-66FC0460DEEE}.Debug|Any CPU.Build.0 = Debug|Any CPU
		{8568FF34-3B3A-4A4E-A517-66FC0460DEEE}.Release|Any CPU.ActiveCfg = Release|Any CPU
		{8568FF34-3B3A-4A4E-A517-66FC0460DEEE}.Release|Any CPU.Build.0 = Release|Any CPU
	EndGlobalSection
	GlobalSection(SolutionProperties) = preSolution
		HideSolutionNode = FALSE
	EndGlobalSection
EndGlobal
